# DO NOT EDIT MANUALLY - Managed by Fern Replay
version: "1.0"
generations:
  - commit_sha: 710d88bcb4d50d2e360b61cc28953fa1c2ade039
    tree_hash: f75dc3c1042be667914c57dc15e5b7ad22aeb6c1
    timestamp: 2026-05-22T18:11:45.172Z
    cli_version: unknown
    generator_versions: {}
current_generation: 710d88bcb4d50d2e360b61cc28953fa1c2ade039
patches: []
