# DO NOT EDIT MANUALLY - Managed by Fern Replay
version: "1.0"
generations:
  - commit_sha: 710d88bcb4d50d2e360b61cc28953fa1c2ade039
    tree_hash: f75dc3c1042be667914c57dc15e5b7ad22aeb6c1
    timestamp: 2026-05-22T18:11:45.172Z
    cli_version: unknown
    generator_versions: {}
  - commit_sha: 4bfa1695c5fdc3aaa796c53d117df0c43484a3a8
    tree_hash: c388b88a5b989c6000e0199608162c75f2ef838d
    timestamp: 2026-07-15T17:03:23.896Z
    cli_version: unknown
    generator_versions:
      fernapi/fern-java-sdk: 3.34.8
  - commit_sha: 8ccc251cbfba0d5bd307b03e43615af55328e8b8
    tree_hash: 912668e3222a91d43f8824d0ef32ecd627b54b3a
    timestamp: 2026-07-28T14:04:35.231Z
    cli_version: unknown
    generator_versions:
      fernapi/fern-java-sdk: 3.34.8
current_generation: 8ccc251cbfba0d5bd307b03e43615af55328e8b8
patches: []
