# DO NOT EDIT MANUALLY - Managed by Fern Replay
version: "1.0"
generations:
  - commit_sha: 710d88bcb4d50d2e360b61cc28953fa1c2ade039
    tree_hash: f75dc3c1042be667914c57dc15e5b7ad22aeb6c1
    timestamp: 2026-05-22T18:11:45.172Z
    cli_version: unknown
    generator_versions: {}
  - commit_sha: 4bfa1695c5fdc3aaa796c53d117df0c43484a3a8
    tree_hash: c388b88a5b989c6000e0199608162c75f2ef838d
    timestamp: 2026-07-15T17:03:23.896Z
    cli_version: unknown
    generator_versions:
      fernapi/fern-java-sdk: 3.34.8
  - commit_sha: cb33baf0976726bbd6feeceee5856bb63a0c02ae
    tree_hash: 31fac53e01deabcb9616babf3b4b48803a8ab7c9
    timestamp: 2026-07-29T22:25:41.724Z
    cli_version: unknown
    generator_versions:
      fernapi/fern-java-sdk: 3.34.8
  - commit_sha: 7bd23f89ba471b8f051564387b0ad8823a8af293
    tree_hash: bea76c30720142688a6404ded1e07447980fc04b
    timestamp: 2026-08-10T18:30:27.962Z
    cli_version: unknown
    generator_versions:
      fernapi/fern-java-sdk: 3.34.8
  - commit_sha: 94ac1798b3742938ca26b8664c5d3629190811cb
    tree_hash: 554a49c46f3be9b3a9cfcaad38df3c62f471c9b0
    timestamp: 2026-08-27T19:56:36.322Z
    cli_version: unknown
    generator_versions:
      fernapi/fern-java-sdk: 3.34.8
current_generation: 94ac1798b3742938ca26b8664c5d3629190811cb
patches: []
